// !$*UTF8*$!
{
	archiveVersion = 1;
	classes = {
	};
	objectVersion = 51;
	objects = {

/* Begin PBXBuildFile section */
		9C074970224E173B0012D2E0 /* SideMenuViewController.swift in Sources */ = {isa = PBXBuildFile; fileRef = 9C07496F224E173B0012D2E0 /* SideMenuViewController.swift */; };
		9C07E7E22530194900720768 /* UIViewController+Extension.swift in Sources */ = {isa = PBXBuildFile; fileRef = 9C07E7E12530194900720768 /* UIViewController+Extension.swift */; };
		9C0DCF942546F55800C27051 /* MainAdviceView.swift in Sources */ = {isa = PBXBuildFile; fileRef = 9C0DCF932546F55800C27051 /* MainAdviceView.swift */; };
		9C0DCF972546F58600C27051 /* MainAdviceView.xib in Resources */ = {isa = PBXBuildFile; fileRef = 9C0DCF962546F58600C27051 /* MainAdviceView.xib */; };
		9C12F9652244F9FC00BA9FCB /* DeviceRegisterViewController.swift in Sources */ = {isa = PBXBuildFile; fileRef = 9C12F9642244F9FC00BA9FCB /* DeviceRegisterViewController.swift */; };
		9C147B1D223E493A0034D8AB /* MessageUI.framework in Frameworks */ = {isa = PBXBuildFile; fileRef = 9C147B1C223E493A0034D8AB /* MessageUI.framework */; };
		9C1ACF4B2225768A00A3D4D1 /* AppDelegate.swift in Sources */ = {isa = PBXBuildFile; fileRef = 9C1ACF4A2225768A00A3D4D1 /* AppDelegate.swift */; };
		9C1ACF4D2225768A00A3D4D1 /* MainViewController.swift in Sources */ = {isa = PBXBuildFile; fileRef = 9C1ACF4C2225768A00A3D4D1 /* MainViewController.swift */; };
		9C1ACF502225768A00A3D4D1 /* MainViewController.storyboard in Resources */ = {isa = PBXBuildFile; fileRef = 9C1ACF4E2225768A00A3D4D1 /* MainViewController.storyboard */; };
		9C1ACF522225768A00A3D4D1 /* Assets.xcassets in Resources */ = {isa = PBXBuildFile; fileRef = 9C1ACF512225768A00A3D4D1 /* Assets.xcassets */; };
		9C1ACF552225768A00A3D4D1 /* LaunchScreen.storyboard in Resources */ = {isa = PBXBuildFile; fileRef = 9C1ACF532225768A00A3D4D1 /* LaunchScreen.storyboard */; };
		9C22857D2246025B000D6A9B /* ClockHelper.swift in Sources */ = {isa = PBXBuildFile; fileRef = 9C22857C2246025B000D6A9B /* ClockHelper.swift */; };
		9C2B2576259C1C3B001E5582 /* PostRecipeViewModel.swift in Sources */ = {isa = PBXBuildFile; fileRef = 9C2B2575259C1C3B001E5582 /* PostRecipeViewModel.swift */; };
		9C2F15A425930697006480ED /* CarouselCollectionFlowLayout.swift in Sources */ = {isa = PBXBuildFile; fileRef = 9C2F15A325930697006480ED /* CarouselCollectionFlowLayout.swift */; };
		9C4B62392562B48600E405F6 /* PostCultivationViewController.storyboard in Resources */ = {isa = PBXBuildFile; fileRef = 9C4B62382562B48600E405F6 /* PostCultivationViewController.storyboard */; };
		9C6D094B231DCEAC00908ECA /* GoogleService-Info.plist in Resources */ = {isa = PBXBuildFile; fileRef = 9C6D094A231DCEAC00908ECA /* GoogleService-Info.plist */; };
		9C6EF7772229F0B900550AC2 /* CultivationViewController.swift in Sources */ = {isa = PBXBuildFile; fileRef = 9C6EF7762229F0B900550AC2 /* CultivationViewController.swift */; };
		9C6EF7792229F0CD00550AC2 /* RecipeViewController.swift in Sources */ = {isa = PBXBuildFile; fileRef = 9C6EF7782229F0CD00550AC2 /* RecipeViewController.swift */; };
		9C6EF77B2229F0DE00550AC2 /* CommunicationViewController.swift in Sources */ = {isa = PBXBuildFile; fileRef = 9C6EF77A2229F0DE00550AC2 /* CommunicationViewController.swift */; };
		9C70C44525AFDC8900069F8F /* KikurageStateGraph.swift in Sources */ = {isa = PBXBuildFile; fileRef = 9C70C44425AFDC8900069F8F /* KikurageStateGraph.swift */; };
		9C751F81257E0FC000A3D90B /* UIAlertController+Extension.swift in Sources */ = {isa = PBXBuildFile; fileRef = 9C751F80257E0FC000A3D90B /* UIAlertController+Extension.swift */; };
		9C7DCE9726EE04BD00F62DF8 /* LoginViewModel.swift in Sources */ = {isa = PBXBuildFile; fileRef = 9C7DCE9626EE04BC00F62DF8 /* LoginViewModel.swift */; };
		9C7DCE9926EE07D500F62DF8 /* LoginRepository.swift in Sources */ = {isa = PBXBuildFile; fileRef = 9C7DCE9826EE07D500F62DF8 /* LoginRepository.swift */; };
		9C7DCE9C26EE158D00F62DF8 /* NetworkError.swift in Sources */ = {isa = PBXBuildFile; fileRef = 9C7DCE9B26EE158D00F62DF8 /* NetworkError.swift */; };
		9C7DCE9E26EE165400F62DF8 /* ClientError.swift in Sources */ = {isa = PBXBuildFile; fileRef = 9C7DCE9D26EE165400F62DF8 /* ClientError.swift */; };
		9C7DE9F226E130A60006B36F /* TopViewController.storyboard in Resources */ = {isa = PBXBuildFile; fileRef = 9C7DE9F126E130A60006B36F /* TopViewController.storyboard */; };
		9C7E105A25648DB8005A92C7 /* CultivationBaseView.swift in Sources */ = {isa = PBXBuildFile; fileRef = 9C7E105925648DB8005A92C7 /* CultivationBaseView.swift */; };
		9C7E105E25649637005A92C7 /* UIColor+Extension.swift in Sources */ = {isa = PBXBuildFile; fileRef = 9C7E105D25649637005A92C7 /* UIColor+Extension.swift */; };
		9C7E14E82563F9F500D2D8EF /* UITextViewWithPlaceholder.swift in Sources */ = {isa = PBXBuildFile; fileRef = 9C7E14E72563F9F500D2D8EF /* UITextViewWithPlaceholder.swift */; };
		9C7EC14C25A97EEF00FE8855 /* LoginHelper.swift in Sources */ = {isa = PBXBuildFile; fileRef = 9C7EC14B25A97EEF00FE8855 /* LoginHelper.swift */; };
		9C82B417253037BD00E650B5 /* Constants.swift in Sources */ = {isa = PBXBuildFile; fileRef = 9C82B416253037BD00E650B5 /* Constants.swift */; };
		9C82B41D2530572300E650B5 /* SideMenuContentView.swift in Sources */ = {isa = PBXBuildFile; fileRef = 9C82B41C2530572300E650B5 /* SideMenuContentView.swift */; };
		9C82B4212530574100E650B5 /* SideMenuContentView.xib in Resources */ = {isa = PBXBuildFile; fileRef = 9C82B4202530574100E650B5 /* SideMenuContentView.xib */; };
		9C82B42425305E6C00E650B5 /* UIView+Extension.swift in Sources */ = {isa = PBXBuildFile; fileRef = 9C82B42325305E6C00E650B5 /* UIView+Extension.swift */; };
		9C82B42A253068CF00E650B5 /* XibView.swift in Sources */ = {isa = PBXBuildFile; fileRef = 9C82B429253068CF00E650B5 /* XibView.swift */; };
		9C8740CF258D70A90025A8B3 /* CultivationDetailBaseView.swift in Sources */ = {isa = PBXBuildFile; fileRef = 9C8740CE258D70A90025A8B3 /* CultivationDetailBaseView.swift */; };
		9C8740D2258D70D50025A8B3 /* CultivationDetailViewController.swift in Sources */ = {isa = PBXBuildFile; fileRef = 9C8740D1258D70D50025A8B3 /* CultivationDetailViewController.swift */; };
		9C8740D6258D710A0025A8B3 /* CultivationDetailViewController.storyboard in Resources */ = {isa = PBXBuildFile; fileRef = 9C8740D5258D710A0025A8B3 /* CultivationDetailViewController.storyboard */; };
		9C87EB0C25A6E275006CB1D7 /* DeviceRegisterViewModel.swift in Sources */ = {isa = PBXBuildFile; fileRef = 9C87EB0B25A6E275006CB1D7 /* DeviceRegisterViewModel.swift */; };
		9C8A524724E4AD780025B179 /* CultivationViewController.storyboard in Resources */ = {isa = PBXBuildFile; fileRef = 9C8A524624E4AD780025B179 /* CultivationViewController.storyboard */; };
		9C8A524924E4AD970025B179 /* RecipeViewController.storyboard in Resources */ = {isa = PBXBuildFile; fileRef = 9C8A524824E4AD970025B179 /* RecipeViewController.storyboard */; };
		9C8A524B24E4ADAF0025B179 /* CommunicationViewController.storyboard in Resources */ = {isa = PBXBuildFile; fileRef = 9C8A524A24E4ADAF0025B179 /* CommunicationViewController.storyboard */; };
		9C8A524D24E4ADC90025B179 /* DeviceRegisterViewController.storyboard in Resources */ = {isa = PBXBuildFile; fileRef = 9C8A524C24E4ADC90025B179 /* DeviceRegisterViewController.storyboard */; };
		9C8A524F24E4ADFD0025B179 /* SideMenuViewController.storyboard in Resources */ = {isa = PBXBuildFile; fileRef = 9C8A524E24E4ADFD0025B179 /* SideMenuViewController.storyboard */; };
		9C8B0BCF2598662E0036CD0F /* RecipeBaseView.swift in Sources */ = {isa = PBXBuildFile; fileRef = 9C8B0BCE2598662E0036CD0F /* RecipeBaseView.swift */; };
		9C8B0BD2259868FF0036CD0F /* RecipeViewModel.swift in Sources */ = {isa = PBXBuildFile; fileRef = 9C8B0BD1259868FF0036CD0F /* RecipeViewModel.swift */; };
		9C8B0BD525986B7D0036CD0F /* KikurageRecipe.swift in Sources */ = {isa = PBXBuildFile; fileRef = 9C8B0BD425986B7D0036CD0F /* KikurageRecipe.swift */; };
		9C8B0BD8259870980036CD0F /* RecipeRepository.swift in Sources */ = {isa = PBXBuildFile; fileRef = 9C8B0BD7259870970036CD0F /* RecipeRepository.swift */; };
		9C8B1D29255ECB11000CA36C /* CameraCell.swift in Sources */ = {isa = PBXBuildFile; fileRef = 9C8B1D28255ECB11000CA36C /* CameraCell.swift */; };
		9C8B1D2C255ECBE0000CA36C /* CameraCell.xib in Resources */ = {isa = PBXBuildFile; fileRef = 9C8B1D2B255ECBE0000CA36C /* CameraCell.xib */; };
		9C90935E25B6666C00496F38 /* ChartViewHelper.swift in Sources */ = {isa = PBXBuildFile; fileRef = 9C90935D25B6666C00496F38 /* ChartViewHelper.swift */; };
		9C91124B25B68ED0007BCECB /* CalendarViewController.swift in Sources */ = {isa = PBXBuildFile; fileRef = 9C91124A25B68ED0007BCECB /* CalendarViewController.swift */; };
		9C91124E25B68EE9007BCECB /* CalendarViewController.storyboard in Resources */ = {isa = PBXBuildFile; fileRef = 9C91124D25B68EE9007BCECB /* CalendarViewController.storyboard */; };
		9C91125125B68F2E007BCECB /* CalendarBaseView.swift in Sources */ = {isa = PBXBuildFile; fileRef = 9C91125025B68F2E007BCECB /* CalendarBaseView.swift */; };
		9C91125425B69EA0007BCECB /* CalendarViewModel.swift in Sources */ = {isa = PBXBuildFile; fileRef = 9C91125325B69EA0007BCECB /* CalendarViewModel.swift */; };
		9C91C2AB26E4E2EE007FB864 /* LoginViewController.swift in Sources */ = {isa = PBXBuildFile; fileRef = 9C91C2AA26E4E2EE007FB864 /* LoginViewController.swift */; };
		9C91C2AD26E4E445007FB864 /* LoginViewController.storyboard in Resources */ = {isa = PBXBuildFile; fileRef = 9C91C2AC26E4E445007FB864 /* LoginViewController.storyboard */; };
		9C91C2AF26E4E520007FB864 /* LoginBaseView.swift in Sources */ = {isa = PBXBuildFile; fileRef = 9C91C2AE26E4E520007FB864 /* LoginBaseView.swift */; };
		9C91C2B526E4E78E007FB864 /* SignUpViewController.swift in Sources */ = {isa = PBXBuildFile; fileRef = 9C91C2B426E4E78E007FB864 /* SignUpViewController.swift */; };
		9C91C2B726E4E7AC007FB864 /* SignUpViewController.storyboard in Resources */ = {isa = PBXBuildFile; fileRef = 9C91C2B626E4E7AC007FB864 /* SignUpViewController.storyboard */; };
		9C91C2B926E4E88E007FB864 /* SignUpBaseView.swift in Sources */ = {isa = PBXBuildFile; fileRef = 9C91C2B826E4E88E007FB864 /* SignUpBaseView.swift */; };
		9C91E74F25C9207C00B3E2E0 /* R.generated.swift in Sources */ = {isa = PBXBuildFile; fileRef = 9C91E74E25C9207C00B3E2E0 /* R.generated.swift */; };
		9C923335255F9760000293BB /* PostCultivationViewController.swift in Sources */ = {isa = PBXBuildFile; fileRef = 9C923334255F9760000293BB /* PostCultivationViewController.swift */; };
		9C92333B255F97B4000293BB /* PostCultivationViewModel.swift in Sources */ = {isa = PBXBuildFile; fileRef = 9C92333A255F97B4000293BB /* PostCultivationViewModel.swift */; };
		9C92333E255F9F7E000293BB /* CultivationRepository.swift in Sources */ = {isa = PBXBuildFile; fileRef = 9C92333D255F9F7E000293BB /* CultivationRepository.swift */; };
		9C923341255FA0DC000293BB /* KikurageCultivation.swift in Sources */ = {isa = PBXBuildFile; fileRef = 9C923340255FA0DC000293BB /* KikurageCultivation.swift */; };
		9C949B1125AD4211004FEE1F /* SideMenuBaseView.swift in Sources */ = {isa = PBXBuildFile; fileRef = 9C949B1025AD4211004FEE1F /* SideMenuBaseView.swift */; };
		9C96212F2599C4DA00F2E4A0 /* PostRecipeViewController.swift in Sources */ = {isa = PBXBuildFile; fileRef = 9C96212E2599C4DA00F2E4A0 /* PostRecipeViewController.swift */; };
		9C9621322599C50100F2E4A0 /* PostRecipeViewController.storyboard in Resources */ = {isa = PBXBuildFile; fileRef = 9C9621312599C50100F2E4A0 /* PostRecipeViewController.storyboard */; };
		9C9621352599DA5800F2E4A0 /* PostRecipeBaseView.swift in Sources */ = {isa = PBXBuildFile; fileRef = 9C9621342599DA5800F2E4A0 /* PostRecipeBaseView.swift */; };
		9C96997D2566118C00D655DA /* DateHelper.swift in Sources */ = {isa = PBXBuildFile; fileRef = 9C96997C2566118B00D655DA /* DateHelper.swift */; };
		9C97679626EF798100126F80 /* NotificationName+Extension.swift in Sources */ = {isa = PBXBuildFile; fileRef = 9C97679526EF798100126F80 /* NotificationName+Extension.swift */; };
		9C9A8DA126DFB9DE006C31E7 /* AppRootController.swift in Sources */ = {isa = PBXBuildFile; fileRef = 9C9A8DA026DFB9DE006C31E7 /* AppRootController.swift */; };
		9C9D48AB25A142EF009FCC64 /* RecipeTableViewCell.swift in Sources */ = {isa = PBXBuildFile; fileRef = 9C9D48A925A142EF009FCC64 /* RecipeTableViewCell.swift */; };
		9C9D48AC25A142EF009FCC64 /* RecipeTableViewCell.xib in Resources */ = {isa = PBXBuildFile; fileRef = 9C9D48AA25A142EF009FCC64 /* RecipeTableViewCell.xib */; };
		9CA0CDAA26E8FED800116896 /* SignUpRepository.swift in Sources */ = {isa = PBXBuildFile; fileRef = 9CA0CDA926E8FED800116896 /* SignUpRepository.swift */; };
		9CA7627D26E26B28000F7EE2 /* TopBaseView.swift in Sources */ = {isa = PBXBuildFile; fileRef = 9CA7627C26E26B28000F7EE2 /* TopBaseView.swift */; };
		9CA7627F26E26B70000F7EE2 /* TopViewController.swift in Sources */ = {isa = PBXBuildFile; fileRef = 9CA7627E26E26B70000F7EE2 /* TopViewController.swift */; };
		9CA7628126E28CBE000F7EE2 /* AppPresenter.swift in Sources */ = {isa = PBXBuildFile; fileRef = 9CA7628026E28CBE000F7EE2 /* AppPresenter.swift */; };
		9CA7F3362537FD96005BED9C /* KikurageUser.swift in Sources */ = {isa = PBXBuildFile; fileRef = 9CA7F3352537FD96005BED9C /* KikurageUser.swift */; };
		9CA7F33A2537FF1B005BED9C /* KikurageState.swift in Sources */ = {isa = PBXBuildFile; fileRef = 9CA7F3392537FF1B005BED9C /* KikurageState.swift */; };
		9CA7F36F25381F63005BED9C /* KikurageStateRepository.swift in Sources */ = {isa = PBXBuildFile; fileRef = 9CA7F36E25381F63005BED9C /* KikurageStateRepository.swift */; };
		9CAE6E722567443B000972BA /* CameraCollectionViewModel.swift in Sources */ = {isa = PBXBuildFile; fileRef = 9CAE6E712567443B000972BA /* CameraCollectionViewModel.swift */; };
		9CAE97F326E660C40011CE52 /* SignUpViewModel.swift in Sources */ = {isa = PBXBuildFile; fileRef = 9CAE97F226E660C40011CE52 /* SignUpViewModel.swift */; };
		9CAFF9A5255CC5B500418745 /* CultivationCollectionViewCell.swift in Sources */ = {isa = PBXBuildFile; fileRef = 9CAFF9A3255CC5B500418745 /* CultivationCollectionViewCell.swift */; };
		9CAFF9A6255CC5B500418745 /* CultivationCollectionViewCell.xib in Resources */ = {isa = PBXBuildFile; fileRef = 9CAFF9A4255CC5B500418745 /* CultivationCollectionViewCell.xib */; };
		9CAFF9AA255CC6BF00418745 /* CultivationViewModel.swift in Sources */ = {isa = PBXBuildFile; fileRef = 9CAFF9A9255CC6BF00418745 /* CultivationViewModel.swift */; };
		9CB38F2225AC10D9004B0CA7 /* GraphViewController.swift in Sources */ = {isa = PBXBuildFile; fileRef = 9CB38F2125AC10D9004B0CA7 /* GraphViewController.swift */; };
		9CB38F2525AC10F7004B0CA7 /* GraphViewController.storyboard in Resources */ = {isa = PBXBuildFile; fileRef = 9CB38F2425AC10F7004B0CA7 /* GraphViewController.storyboard */; };
		9CB38F2825AC1135004B0CA7 /* GraphBaseView.swift in Sources */ = {isa = PBXBuildFile; fileRef = 9CB38F2725AC1135004B0CA7 /* GraphBaseView.swift */; };
		9CB38F2B25AC1240004B0CA7 /* GraphViewModel.swift in Sources */ = {isa = PBXBuildFile; fileRef = 9CB38F2A25AC1240004B0CA7 /* GraphViewModel.swift */; };
		9CB7D5FE254043FB00D57801 /* MainViewModel.swift in Sources */ = {isa = PBXBuildFile; fileRef = 9CB7D5FD254043FB00D57801 /* MainViewModel.swift */; };
		9CB7D604254050D600D57801 /* MainBaseView.swift in Sources */ = {isa = PBXBuildFile; fileRef = 9CB7D603254050D600D57801 /* MainBaseView.swift */; };
		9CBB82C7259425760009B284 /* CultivationCarouselCollectionViewCell.swift in Sources */ = {isa = PBXBuildFile; fileRef = 9CBB82C5259425760009B284 /* CultivationCarouselCollectionViewCell.swift */; };
		9CBB82C8259425760009B284 /* CultivationCarouselCollectionViewCell.xib in Resources */ = {isa = PBXBuildFile; fileRef = 9CBB82C6259425760009B284 /* CultivationCarouselCollectionViewCell.xib */; };
		9CBB82CB25944C730009B284 /* CultivationDetailViewModel.swift in Sources */ = {isa = PBXBuildFile; fileRef = 9CBB82CA25944C730009B284 /* CultivationDetailViewModel.swift */; };
		9CBD6C422540F75C005531F4 /* KikurageStateHelper.swift in Sources */ = {isa = PBXBuildFile; fileRef = 9CBD6C412540F75C005531F4 /* KikurageStateHelper.swift */; };
		9CBD6C4525410707005531F4 /* KikurageUserRepository.swift in Sources */ = {isa = PBXBuildFile; fileRef = 9CBD6C4425410707005531F4 /* KikurageUserRepository.swift */; };
		9CC103B1270818A200067823 /* LoginUser.swift in Sources */ = {isa = PBXBuildFile; fileRef = 9CC103B0270818A200067823 /* LoginUser.swift */; };
		9CDAFBF824E4BC1400E56550 /* UITextField+Extension.swift in Sources */ = {isa = PBXBuildFile; fileRef = 9CDAFBF724E4BC1400E56550 /* UITextField+Extension.swift */; };
		9CDD1F6425A68521006DA852 /* CommunicationBaseView.swift in Sources */ = {isa = PBXBuildFile; fileRef = 9CDD1F6325A68521006DA852 /* CommunicationBaseView.swift */; };
		9CDD1FC225A69040006DA852 /* DeviceRegisterBaseView.swift in Sources */ = {isa = PBXBuildFile; fileRef = 9CDD1FC125A69040006DA852 /* DeviceRegisterBaseView.swift */; };
		9CE5927C257F664D00924B42 /* PostCultivationBaseView.swift in Sources */ = {isa = PBXBuildFile; fileRef = 9CE5927B257F664D00924B42 /* PostCultivationBaseView.swift */; };
		9CFDB09426F2420B0093A770 /* Logger.swift in Sources */ = {isa = PBXBuildFile; fileRef = 9CFDB09326F2420B0093A770 /* Logger.swift */; };
		F6B67301E7960027877D69C5 /* Pods_kikurageApp.framework in Frameworks */ = {isa = PBXBuildFile; fileRef = 9DE7A57E7E4CA9ABE24A7C5A /* Pods_kikurageApp.framework */; };
/* End PBXBuildFile section */

/* Begin PBXFileReference section */
		9C07496F224E173B0012D2E0 /* SideMenuViewController.swift */ = {isa = PBXFileReference; lastKnownFileType = sourcecode.swift; path = SideMenuViewController.swift; sourceTree = "<group>"; };
		9C07E7E12530194900720768 /* UIViewController+Extension.swift */ = {isa = PBXFileReference; lastKnownFileType = sourcecode.swift; path = "UIViewController+Extension.swift"; sourceTree = "<group>"; };
		9C0DCF932546F55800C27051 /* MainAdviceView.swift */ = {isa = PBXFileReference; lastKnownFileType = sourcecode.swift; path = MainAdviceView.swift; sourceTree = "<group>"; };
		9C0DCF962546F58600C27051 /* MainAdviceView.xib */ = {isa = PBXFileReference; lastKnownFileType = file.xib; path = MainAdviceView.xib; sourceTree = "<group>"; };
		9C12F9642244F9FC00BA9FCB /* DeviceRegisterViewController.swift */ = {isa = PBXFileReference; lastKnownFileType = sourcecode.swift; path = DeviceRegisterViewController.swift; sourceTree = "<group>"; };
		9C147B1C223E493A0034D8AB /* MessageUI.framework */ = {isa = PBXFileReference; lastKnownFileType = wrapper.framework; name = MessageUI.framework; path = System/Library/Frameworks/MessageUI.framework; sourceTree = SDKROOT; };
		9C1ACF472225768A00A3D4D1 /* きくらげ君.app */ = {isa = PBXFileReference; explicitFileType = wrapper.application; includeInIndex = 0; path = "きくらげ君.app"; sourceTree = BUILT_PRODUCTS_DIR; };
		9C1ACF4A2225768A00A3D4D1 /* AppDelegate.swift */ = {isa = PBXFileReference; lastKnownFileType = sourcecode.swift; path = AppDelegate.swift; sourceTree = "<group>"; };
		9C1ACF4C2225768A00A3D4D1 /* MainViewController.swift */ = {isa = PBXFileReference; lastKnownFileType = sourcecode.swift; path = MainViewController.swift; sourceTree = "<group>"; };
		9C1ACF4F2225768A00A3D4D1 /* Base */ = {isa = PBXFileReference; lastKnownFileType = file.storyboard; name = Base; path = Base.lproj/MainViewController.storyboard; sourceTree = "<group>"; };
		9C1ACF512225768A00A3D4D1 /* Assets.xcassets */ = {isa = PBXFileReference; lastKnownFileType = folder.assetcatalog; path = Assets.xcassets; sourceTree = "<group>"; };
		9C1ACF542225768A00A3D4D1 /* Base */ = {isa = PBXFileReference; lastKnownFileType = file.storyboard; name = Base; path = Base.lproj/LaunchScreen.storyboard; sourceTree = "<group>"; };
		9C1ACF562225768A00A3D4D1 /* Info.plist */ = {isa = PBXFileReference; lastKnownFileType = text.plist.xml; path = Info.plist; sourceTree = "<group>"; };
		9C22857C2246025B000D6A9B /* ClockHelper.swift */ = {isa = PBXFileReference; lastKnownFileType = sourcecode.swift; path = ClockHelper.swift; sourceTree = "<group>"; };
		9C2B2575259C1C3B001E5582 /* PostRecipeViewModel.swift */ = {isa = PBXFileReference; lastKnownFileType = sourcecode.swift; path = PostRecipeViewModel.swift; sourceTree = "<group>"; };
		9C2F15A325930697006480ED /* CarouselCollectionFlowLayout.swift */ = {isa = PBXFileReference; lastKnownFileType = sourcecode.swift; path = CarouselCollectionFlowLayout.swift; sourceTree = "<group>"; };
		9C4B62382562B48600E405F6 /* PostCultivationViewController.storyboard */ = {isa = PBXFileReference; lastKnownFileType = file.storyboard; path = PostCultivationViewController.storyboard; sourceTree = "<group>"; };
		9C6D094A231DCEAC00908ECA /* GoogleService-Info.plist */ = {isa = PBXFileReference; fileEncoding = 4; lastKnownFileType = text.plist.xml; path = "GoogleService-Info.plist"; sourceTree = "<group>"; };
		9C6EF7762229F0B900550AC2 /* CultivationViewController.swift */ = {isa = PBXFileReference; lastKnownFileType = sourcecode.swift; path = CultivationViewController.swift; sourceTree = "<group>"; };
		9C6EF7782229F0CD00550AC2 /* RecipeViewController.swift */ = {isa = PBXFileReference; lastKnownFileType = sourcecode.swift; path = RecipeViewController.swift; sourceTree = "<group>"; };
		9C6EF77A2229F0DE00550AC2 /* CommunicationViewController.swift */ = {isa = PBXFileReference; lastKnownFileType = sourcecode.swift; path = CommunicationViewController.swift; sourceTree = "<group>"; };
		9C70C44425AFDC8900069F8F /* KikurageStateGraph.swift */ = {isa = PBXFileReference; lastKnownFileType = sourcecode.swift; path = KikurageStateGraph.swift; sourceTree = "<group>"; };
		9C751F80257E0FC000A3D90B /* UIAlertController+Extension.swift */ = {isa = PBXFileReference; lastKnownFileType = sourcecode.swift; path = "UIAlertController+Extension.swift"; sourceTree = "<group>"; };
		9C7DCE9626EE04BC00F62DF8 /* LoginViewModel.swift */ = {isa = PBXFileReference; lastKnownFileType = sourcecode.swift; path = LoginViewModel.swift; sourceTree = "<group>"; };
		9C7DCE9826EE07D500F62DF8 /* LoginRepository.swift */ = {isa = PBXFileReference; lastKnownFileType = sourcecode.swift; path = LoginRepository.swift; sourceTree = "<group>"; };
		9C7DCE9B26EE158D00F62DF8 /* NetworkError.swift */ = {isa = PBXFileReference; lastKnownFileType = sourcecode.swift; path = NetworkError.swift; sourceTree = "<group>"; };
		9C7DCE9D26EE165400F62DF8 /* ClientError.swift */ = {isa = PBXFileReference; lastKnownFileType = sourcecode.swift; path = ClientError.swift; sourceTree = "<group>"; };
		9C7DE9F126E130A60006B36F /* TopViewController.storyboard */ = {isa = PBXFileReference; lastKnownFileType = file.storyboard; path = TopViewController.storyboard; sourceTree = "<group>"; };
		9C7E105925648DB8005A92C7 /* CultivationBaseView.swift */ = {isa = PBXFileReference; lastKnownFileType = sourcecode.swift; path = CultivationBaseView.swift; sourceTree = "<group>"; };
		9C7E105D25649637005A92C7 /* UIColor+Extension.swift */ = {isa = PBXFileReference; lastKnownFileType = sourcecode.swift; path = "UIColor+Extension.swift"; sourceTree = "<group>"; };
		9C7E14E72563F9F500D2D8EF /* UITextViewWithPlaceholder.swift */ = {isa = PBXFileReference; lastKnownFileType = sourcecode.swift; path = UITextViewWithPlaceholder.swift; sourceTree = "<group>"; };
		9C7EC14B25A97EEF00FE8855 /* LoginHelper.swift */ = {isa = PBXFileReference; lastKnownFileType = sourcecode.swift; path = LoginHelper.swift; sourceTree = "<group>"; };
		9C82B416253037BD00E650B5 /* Constants.swift */ = {isa = PBXFileReference; lastKnownFileType = sourcecode.swift; path = Constants.swift; sourceTree = "<group>"; };
		9C82B41C2530572300E650B5 /* SideMenuContentView.swift */ = {isa = PBXFileReference; lastKnownFileType = sourcecode.swift; path = SideMenuContentView.swift; sourceTree = "<group>"; };
		9C82B4202530574100E650B5 /* SideMenuContentView.xib */ = {isa = PBXFileReference; lastKnownFileType = file.xib; path = SideMenuContentView.xib; sourceTree = "<group>"; };
		9C82B42325305E6C00E650B5 /* UIView+Extension.swift */ = {isa = PBXFileReference; lastKnownFileType = sourcecode.swift; path = "UIView+Extension.swift"; sourceTree = "<group>"; };
		9C82B429253068CF00E650B5 /* XibView.swift */ = {isa = PBXFileReference; lastKnownFileType = sourcecode.swift; path = XibView.swift; sourceTree = "<group>"; };
		9C8740CE258D70A90025A8B3 /* CultivationDetailBaseView.swift */ = {isa = PBXFileReference; lastKnownFileType = sourcecode.swift; path = CultivationDetailBaseView.swift; sourceTree = "<group>"; };
		9C8740D1258D70D50025A8B3 /* CultivationDetailViewController.swift */ = {isa = PBXFileReference; lastKnownFileType = sourcecode.swift; path = CultivationDetailViewController.swift; sourceTree = "<group>"; };
		9C8740D5258D710A0025A8B3 /* CultivationDetailViewController.storyboard */ = {isa = PBXFileReference; lastKnownFileType = file.storyboard; path = CultivationDetailViewController.storyboard; sourceTree = "<group>"; };
		9C87EB0B25A6E275006CB1D7 /* DeviceRegisterViewModel.swift */ = {isa = PBXFileReference; lastKnownFileType = sourcecode.swift; path = DeviceRegisterViewModel.swift; sourceTree = "<group>"; };
		9C8A524624E4AD780025B179 /* CultivationViewController.storyboard */ = {isa = PBXFileReference; lastKnownFileType = file.storyboard; path = CultivationViewController.storyboard; sourceTree = "<group>"; };
		9C8A524824E4AD970025B179 /* RecipeViewController.storyboard */ = {isa = PBXFileReference; lastKnownFileType = file.storyboard; path = RecipeViewController.storyboard; sourceTree = "<group>"; };
		9C8A524A24E4ADAF0025B179 /* CommunicationViewController.storyboard */ = {isa = PBXFileReference; lastKnownFileType = file.storyboard; path = CommunicationViewController.storyboard; sourceTree = "<group>"; };
		9C8A524C24E4ADC90025B179 /* DeviceRegisterViewController.storyboard */ = {isa = PBXFileReference; lastKnownFileType = file.storyboard; path = DeviceRegisterViewController.storyboard; sourceTree = "<group>"; };
		9C8A524E24E4ADFD0025B179 /* SideMenuViewController.storyboard */ = {isa = PBXFileReference; lastKnownFileType = file.storyboard; path = SideMenuViewController.storyboard; sourceTree = "<group>"; };
		9C8B0BCE2598662E0036CD0F /* RecipeBaseView.swift */ = {isa = PBXFileReference; lastKnownFileType = sourcecode.swift; path = RecipeBaseView.swift; sourceTree = "<group>"; };
		9C8B0BD1259868FF0036CD0F /* RecipeViewModel.swift */ = {isa = PBXFileReference; lastKnownFileType = sourcecode.swift; path = RecipeViewModel.swift; sourceTree = "<group>"; };
		9C8B0BD425986B7D0036CD0F /* KikurageRecipe.swift */ = {isa = PBXFileReference; lastKnownFileType = sourcecode.swift; path = KikurageRecipe.swift; sourceTree = "<group>"; };
		9C8B0BD7259870970036CD0F /* RecipeRepository.swift */ = {isa = PBXFileReference; lastKnownFileType = sourcecode.swift; path = RecipeRepository.swift; sourceTree = "<group>"; };
		9C8B1D28255ECB11000CA36C /* CameraCell.swift */ = {isa = PBXFileReference; lastKnownFileType = sourcecode.swift; path = CameraCell.swift; sourceTree = "<group>"; };
		9C8B1D2B255ECBE0000CA36C /* CameraCell.xib */ = {isa = PBXFileReference; lastKnownFileType = file.xib; path = CameraCell.xib; sourceTree = "<group>"; };
		9C90935D25B6666C00496F38 /* ChartViewHelper.swift */ = {isa = PBXFileReference; lastKnownFileType = sourcecode.swift; path = ChartViewHelper.swift; sourceTree = "<group>"; };
		9C91124A25B68ED0007BCECB /* CalendarViewController.swift */ = {isa = PBXFileReference; lastKnownFileType = sourcecode.swift; path = CalendarViewController.swift; sourceTree = "<group>"; };
		9C91124D25B68EE9007BCECB /* CalendarViewController.storyboard */ = {isa = PBXFileReference; lastKnownFileType = file.storyboard; path = CalendarViewController.storyboard; sourceTree = "<group>"; };
		9C91125025B68F2E007BCECB /* CalendarBaseView.swift */ = {isa = PBXFileReference; lastKnownFileType = sourcecode.swift; path = CalendarBaseView.swift; sourceTree = "<group>"; };
		9C91125325B69EA0007BCECB /* CalendarViewModel.swift */ = {isa = PBXFileReference; lastKnownFileType = sourcecode.swift; path = CalendarViewModel.swift; sourceTree = "<group>"; };
		9C91C2AA26E4E2EE007FB864 /* LoginViewController.swift */ = {isa = PBXFileReference; lastKnownFileType = sourcecode.swift; path = LoginViewController.swift; sourceTree = "<group>"; };
		9C91C2AC26E4E445007FB864 /* LoginViewController.storyboard */ = {isa = PBXFileReference; lastKnownFileType = file.storyboard; path = LoginViewController.storyboard; sourceTree = "<group>"; };
		9C91C2AE26E4E520007FB864 /* LoginBaseView.swift */ = {isa = PBXFileReference; lastKnownFileType = sourcecode.swift; path = LoginBaseView.swift; sourceTree = "<group>"; };
		9C91C2B426E4E78E007FB864 /* SignUpViewController.swift */ = {isa = PBXFileReference; lastKnownFileType = sourcecode.swift; path = SignUpViewController.swift; sourceTree = "<group>"; };
		9C91C2B626E4E7AC007FB864 /* SignUpViewController.storyboard */ = {isa = PBXFileReference; lastKnownFileType = file.storyboard; path = SignUpViewController.storyboard; sourceTree = "<group>"; };
		9C91C2B826E4E88E007FB864 /* SignUpBaseView.swift */ = {isa = PBXFileReference; lastKnownFileType = sourcecode.swift; path = SignUpBaseView.swift; sourceTree = "<group>"; };
		9C91E74E25C9207C00B3E2E0 /* R.generated.swift */ = {isa = PBXFileReference; fileEncoding = 4; lastKnownFileType = sourcecode.swift; path = R.generated.swift; sourceTree = "<group>"; };
		9C923334255F9760000293BB /* PostCultivationViewController.swift */ = {isa = PBXFileReference; lastKnownFileType = sourcecode.swift; path = PostCultivationViewController.swift; sourceTree = "<group>"; };
		9C92333A255F97B4000293BB /* PostCultivationViewModel.swift */ = {isa = PBXFileReference; lastKnownFileType = sourcecode.swift; path = PostCultivationViewModel.swift; sourceTree = "<group>"; };
		9C92333D255F9F7E000293BB /* CultivationRepository.swift */ = {isa = PBXFileReference; lastKnownFileType = sourcecode.swift; path = CultivationRepository.swift; sourceTree = "<group>"; };
		9C923340255FA0DC000293BB /* KikurageCultivation.swift */ = {isa = PBXFileReference; lastKnownFileType = sourcecode.swift; path = KikurageCultivation.swift; sourceTree = "<group>"; };
		9C949B1025AD4211004FEE1F /* SideMenuBaseView.swift */ = {isa = PBXFileReference; lastKnownFileType = sourcecode.swift; path = SideMenuBaseView.swift; sourceTree = "<group>"; };
		9C96212E2599C4DA00F2E4A0 /* PostRecipeViewController.swift */ = {isa = PBXFileReference; lastKnownFileType = sourcecode.swift; path = PostRecipeViewController.swift; sourceTree = "<group>"; };
		9C9621312599C50100F2E4A0 /* PostRecipeViewController.storyboard */ = {isa = PBXFileReference; lastKnownFileType = file.storyboard; path = PostRecipeViewController.storyboard; sourceTree = "<group>"; };
		9C9621342599DA5800F2E4A0 /* PostRecipeBaseView.swift */ = {isa = PBXFileReference; lastKnownFileType = sourcecode.swift; path = PostRecipeBaseView.swift; sourceTree = "<group>"; };
		9C96997C2566118B00D655DA /* DateHelper.swift */ = {isa = PBXFileReference; lastKnownFileType = sourcecode.swift; path = DateHelper.swift; sourceTree = "<group>"; };
		9C97679526EF798100126F80 /* NotificationName+Extension.swift */ = {isa = PBXFileReference; lastKnownFileType = sourcecode.swift; path = "NotificationName+Extension.swift"; sourceTree = "<group>"; };
		9C9A8DA026DFB9DE006C31E7 /* AppRootController.swift */ = {isa = PBXFileReference; lastKnownFileType = sourcecode.swift; path = AppRootController.swift; sourceTree = "<group>"; };
		9C9D48A925A142EF009FCC64 /* RecipeTableViewCell.swift */ = {isa = PBXFileReference; lastKnownFileType = sourcecode.swift; path = RecipeTableViewCell.swift; sourceTree = "<group>"; };
		9C9D48AA25A142EF009FCC64 /* RecipeTableViewCell.xib */ = {isa = PBXFileReference; lastKnownFileType = file.xib; path = RecipeTableViewCell.xib; sourceTree = "<group>"; };
		9CA0CDA926E8FED800116896 /* SignUpRepository.swift */ = {isa = PBXFileReference; lastKnownFileType = sourcecode.swift; path = SignUpRepository.swift; sourceTree = "<group>"; };
		9CA7627C26E26B28000F7EE2 /* TopBaseView.swift */ = {isa = PBXFileReference; lastKnownFileType = sourcecode.swift; path = TopBaseView.swift; sourceTree = "<group>"; };
		9CA7627E26E26B70000F7EE2 /* TopViewController.swift */ = {isa = PBXFileReference; lastKnownFileType = sourcecode.swift; path = TopViewController.swift; sourceTree = "<group>"; };
		9CA7628026E28CBE000F7EE2 /* AppPresenter.swift */ = {isa = PBXFileReference; lastKnownFileType = sourcecode.swift; path = AppPresenter.swift; sourceTree = "<group>"; };
		9CA7F3352537FD96005BED9C /* KikurageUser.swift */ = {isa = PBXFileReference; lastKnownFileType = sourcecode.swift; path = KikurageUser.swift; sourceTree = "<group>"; };
		9CA7F3392537FF1B005BED9C /* KikurageState.swift */ = {isa = PBXFileReference; lastKnownFileType = sourcecode.swift; path = KikurageState.swift; sourceTree = "<group>"; };
		9CA7F36E25381F63005BED9C /* KikurageStateRepository.swift */ = {isa = PBXFileReference; lastKnownFileType = sourcecode.swift; path = KikurageStateRepository.swift; sourceTree = "<group>"; };
		9CAE6E712567443B000972BA /* CameraCollectionViewModel.swift */ = {isa = PBXFileReference; lastKnownFileType = sourcecode.swift; path = CameraCollectionViewModel.swift; sourceTree = "<group>"; };
		9CAE97F226E660C40011CE52 /* SignUpViewModel.swift */ = {isa = PBXFileReference; lastKnownFileType = sourcecode.swift; path = SignUpViewModel.swift; sourceTree = "<group>"; };
		9CAFF9A3255CC5B500418745 /* CultivationCollectionViewCell.swift */ = {isa = PBXFileReference; lastKnownFileType = sourcecode.swift; path = CultivationCollectionViewCell.swift; sourceTree = "<group>"; };
		9CAFF9A4255CC5B500418745 /* CultivationCollectionViewCell.xib */ = {isa = PBXFileReference; lastKnownFileType = file.xib; path = CultivationCollectionViewCell.xib; sourceTree = "<group>"; };
		9CAFF9A9255CC6BF00418745 /* CultivationViewModel.swift */ = {isa = PBXFileReference; lastKnownFileType = sourcecode.swift; path = CultivationViewModel.swift; sourceTree = "<group>"; };
		9CB38F2125AC10D9004B0CA7 /* GraphViewController.swift */ = {isa = PBXFileReference; lastKnownFileType = sourcecode.swift; path = GraphViewController.swift; sourceTree = "<group>"; };
		9CB38F2425AC10F7004B0CA7 /* GraphViewController.storyboard */ = {isa = PBXFileReference; lastKnownFileType = file.storyboard; path = GraphViewController.storyboard; sourceTree = "<group>"; };
		9CB38F2725AC1135004B0CA7 /* GraphBaseView.swift */ = {isa = PBXFileReference; lastKnownFileType = sourcecode.swift; path = GraphBaseView.swift; sourceTree = "<group>"; };
		9CB38F2A25AC1240004B0CA7 /* GraphViewModel.swift */ = {isa = PBXFileReference; lastKnownFileType = sourcecode.swift; path = GraphViewModel.swift; sourceTree = "<group>"; };
		9CB7D5FD254043FB00D57801 /* MainViewModel.swift */ = {isa = PBXFileReference; lastKnownFileType = sourcecode.swift; path = MainViewModel.swift; sourceTree = "<group>"; };
		9CB7D603254050D600D57801 /* MainBaseView.swift */ = {isa = PBXFileReference; lastKnownFileType = sourcecode.swift; path = MainBaseView.swift; sourceTree = "<group>"; };
		9CBB82C5259425760009B284 /* CultivationCarouselCollectionViewCell.swift */ = {isa = PBXFileReference; lastKnownFileType = sourcecode.swift; path = CultivationCarouselCollectionViewCell.swift; sourceTree = "<group>"; };
		9CBB82C6259425760009B284 /* CultivationCarouselCollectionViewCell.xib */ = {isa = PBXFileReference; lastKnownFileType = file.xib; path = CultivationCarouselCollectionViewCell.xib; sourceTree = "<group>"; };
		9CBB82CA25944C730009B284 /* CultivationDetailViewModel.swift */ = {isa = PBXFileReference; lastKnownFileType = sourcecode.swift; path = CultivationDetailViewModel.swift; sourceTree = "<group>"; };
		9CBD6C412540F75C005531F4 /* KikurageStateHelper.swift */ = {isa = PBXFileReference; lastKnownFileType = sourcecode.swift; path = KikurageStateHelper.swift; sourceTree = "<group>"; };
		9CBD6C4425410707005531F4 /* KikurageUserRepository.swift */ = {isa = PBXFileReference; lastKnownFileType = sourcecode.swift; path = KikurageUserRepository.swift; sourceTree = "<group>"; };
		9CC103B0270818A200067823 /* LoginUser.swift */ = {isa = PBXFileReference; lastKnownFileType = sourcecode.swift; path = LoginUser.swift; sourceTree = "<group>"; };
		9CDAFBF724E4BC1400E56550 /* UITextField+Extension.swift */ = {isa = PBXFileReference; lastKnownFileType = sourcecode.swift; path = "UITextField+Extension.swift"; sourceTree = "<group>"; };
		9CDD1F6325A68521006DA852 /* CommunicationBaseView.swift */ = {isa = PBXFileReference; lastKnownFileType = sourcecode.swift; path = CommunicationBaseView.swift; sourceTree = "<group>"; };
		9CDD1FC125A69040006DA852 /* DeviceRegisterBaseView.swift */ = {isa = PBXFileReference; lastKnownFileType = sourcecode.swift; path = DeviceRegisterBaseView.swift; sourceTree = "<group>"; };
		9CE5927B257F664D00924B42 /* PostCultivationBaseView.swift */ = {isa = PBXFileReference; lastKnownFileType = sourcecode.swift; path = PostCultivationBaseView.swift; sourceTree = "<group>"; };
		9CFDB09326F2420B0093A770 /* Logger.swift */ = {isa = PBXFileReference; lastKnownFileType = sourcecode.swift; path = Logger.swift; sourceTree = "<group>"; };
		9DE7A57E7E4CA9ABE24A7C5A /* Pods_kikurageApp.framework */ = {isa = PBXFileReference; explicitFileType = wrapper.framework; includeInIndex = 0; path = Pods_kikurageApp.framework; sourceTree = BUILT_PRODUCTS_DIR; };
		A0B151603DF4982FFFAA4670 /* Pods-kikurageApp.release.xcconfig */ = {isa = PBXFileReference; includeInIndex = 1; lastKnownFileType = text.xcconfig; name = "Pods-kikurageApp.release.xcconfig"; path = "Target Support Files/Pods-kikurageApp/Pods-kikurageApp.release.xcconfig"; sourceTree = "<group>"; };
		F64405252FCD1BFF9274507A /* Pods-kikurageApp.debug.xcconfig */ = {isa = PBXFileReference; includeInIndex = 1; lastKnownFileType = text.xcconfig; name = "Pods-kikurageApp.debug.xcconfig"; path = "Target Support Files/Pods-kikurageApp/Pods-kikurageApp.debug.xcconfig"; sourceTree = "<group>"; };
/* End PBXFileReference section */

/* Begin PBXFrameworksBuildPhase section */
		9C1ACF442225768A00A3D4D1 /* Frameworks */ = {
			isa = PBXFrameworksBuildPhase;
			buildActionMask = 2147483647;
			files = (
				9C147B1D223E493A0034D8AB /* MessageUI.framework in Frameworks */,
				F6B67301E7960027877D69C5 /* Pods_kikurageApp.framework in Frameworks */,
			);
			runOnlyForDeploymentPostprocessing = 0;
		};
/* End PBXFrameworksBuildPhase section */

/* Begin PBXGroup section */
		6B737EAC71CBD10DBFDF0B04 /* Pods */ = {
			isa = PBXGroup;
			children = (
				F64405252FCD1BFF9274507A /* Pods-kikurageApp.debug.xcconfig */,
				A0B151603DF4982FFFAA4670 /* Pods-kikurageApp.release.xcconfig */,
			);
			path = Pods;
			sourceTree = "<group>";
		};
		923FE88E53278C489EBA6831 /* Frameworks */ = {
			isa = PBXGroup;
			children = (
				9C147B1C223E493A0034D8AB /* MessageUI.framework */,
				9DE7A57E7E4CA9ABE24A7C5A /* Pods_kikurageApp.framework */,
			);
			name = Frameworks;
			sourceTree = "<group>";
		};
		9C1ACF3E2225768A00A3D4D1 = {
			isa = PBXGroup;
			children = (
				9C91E74E25C9207C00B3E2E0 /* R.generated.swift */,
				9C1ACF492225768A00A3D4D1 /* kikurageApp */,
				9C1ACF482225768A00A3D4D1 /* Products */,
				923FE88E53278C489EBA6831 /* Frameworks */,
				6B737EAC71CBD10DBFDF0B04 /* Pods */,
			);
			sourceTree = "<group>";
		};
		9C1ACF482225768A00A3D4D1 /* Products */ = {
			isa = PBXGroup;
			children = (
				9C1ACF472225768A00A3D4D1 /* きくらげ君.app */,
			);
			name = Products;
			sourceTree = "<group>";
		};
		9C1ACF492225768A00A3D4D1 /* kikurageApp */ = {
			isa = PBXGroup;
			children = (
				9C9A8D9F26DFB990006C31E7 /* App */,
				9C73CCD026D53F3C00B4DE55 /* Utility */,
				9C82B415253037AB00E650B5 /* Static */,
				9CA7F3342537FD75005BED9C /* Entity */,
				9CA7F36D25381EF8005BED9C /* Repository */,
				9CB7D5FC254043C300D57801 /* ViewModel */,
				9CF0020424E3990E0084036B /* View */,
				9CF0020224E398AC0084036B /* ViewController */,
				9CF0020324E398D00084036B /* Storyboard */,
				9C1ACF562225768A00A3D4D1 /* Info.plist */,
				9C6D094A231DCEAC00908ECA /* GoogleService-Info.plist */,
				9C1ACF512225768A00A3D4D1 /* Assets.xcassets */,
			);
			path = kikurageApp;
			sourceTree = "<group>";
		};
		9C73CCCF26D53ECB00B4DE55 /* Response */ = {
			isa = PBXGroup;
			children = (
				9CA7F3352537FD96005BED9C /* KikurageUser.swift */,
				9CA7F3392537FF1B005BED9C /* KikurageState.swift */,
				9C923340255FA0DC000293BB /* KikurageCultivation.swift */,
				9C8B0BD425986B7D0036CD0F /* KikurageRecipe.swift */,
				9C70C44425AFDC8900069F8F /* KikurageStateGraph.swift */,
				9CC103B0270818A200067823 /* LoginUser.swift */,
			);
			path = Response;
			sourceTree = "<group>";
		};
		9C73CCD026D53F3C00B4DE55 /* Utility */ = {
			isa = PBXGroup;
			children = (
				9CF0020624E39B290084036B /* Helper */,
				9C7E14E62563F8A600D2D8EF /* CustomClass */,
				9CDAFBF624E4B95700E56550 /* Extension */,
				9CFDB09326F2420B0093A770 /* Logger.swift */,
			);
			path = Utility;
			sourceTree = "<group>";
		};
		9C73CCD126D540FE00B4DE55 /* ChildView */ = {
			isa = PBXGroup;
			children = (
				9C82B41B253056BC00E650B5 /* UIView */,
				9C9D48A825A140DC009FCC64 /* TableViewCell */,
				9CAFF9A2255CC57800418745 /* CollectionViewCell */,
			);
			path = ChildView;
			sourceTree = "<group>";
		};
		9C7DCE9A26EE156B00F62DF8 /* Error */ = {
			isa = PBXGroup;
			children = (
				9C7DCE9B26EE158D00F62DF8 /* NetworkError.swift */,
				9C7DCE9D26EE165400F62DF8 /* ClientError.swift */,
			);
			path = Error;
			sourceTree = "<group>";
		};
		9C7E14E62563F8A600D2D8EF /* CustomClass */ = {
			isa = PBXGroup;
			children = (
				9C7E14E72563F9F500D2D8EF /* UITextViewWithPlaceholder.swift */,
				9C2F15A325930697006480ED /* CarouselCollectionFlowLayout.swift */,
			);
			path = CustomClass;
			sourceTree = "<group>";
		};
		9C82B415253037AB00E650B5 /* Static */ = {
			isa = PBXGroup;
			children = (
				9C82B416253037BD00E650B5 /* Constants.swift */,
			);
			path = Static;
			sourceTree = "<group>";
		};
		9C82B41B253056BC00E650B5 /* UIView */ = {
			isa = PBXGroup;
			children = (
				9C0DCF932546F55800C27051 /* MainAdviceView.swift */,
				9C0DCF962546F58600C27051 /* MainAdviceView.xib */,
				9C82B41C2530572300E650B5 /* SideMenuContentView.swift */,
				9C82B4202530574100E650B5 /* SideMenuContentView.xib */,
			);
			path = UIView;
			sourceTree = "<group>";
		};
		9C8674D925AAA72D0041AAF1 /* SideMenu */ = {
			isa = PBXGroup;
			children = (
				9CB38F2A25AC1240004B0CA7 /* GraphViewModel.swift */,
				9C91125325B69EA0007BCECB /* CalendarViewModel.swift */,
			);
			path = SideMenu;
			sourceTree = "<group>";
		};
		9C8674DA25AAA7490041AAF1 /* SideMenu */ = {
			isa = PBXGroup;
			children = (
				9CB38F2725AC1135004B0CA7 /* GraphBaseView.swift */,
				9C949B1025AD4211004FEE1F /* SideMenuBaseView.swift */,
				9C91125025B68F2E007BCECB /* CalendarBaseView.swift */,
			);
			path = SideMenu;
			sourceTree = "<group>";
		};
		9C8674DB25AAA7720041AAF1 /* SideMenu */ = {
			isa = PBXGroup;
			children = (
				9C8A524E24E4ADFD0025B179 /* SideMenuViewController.storyboard */,
				9CB38F2425AC10F7004B0CA7 /* GraphViewController.storyboard */,
				9C91124D25B68EE9007BCECB /* CalendarViewController.storyboard */,
			);
			path = SideMenu;
			sourceTree = "<group>";
		};
		9C8674DC25AAA7800041AAF1 /* SideMenu */ = {
			isa = PBXGroup;
			children = (
				9C07496F224E173B0012D2E0 /* SideMenuViewController.swift */,
				9CB38F2125AC10D9004B0CA7 /* GraphViewController.swift */,
				9C91124A25B68ED0007BCECB /* CalendarViewController.swift */,
			);
			path = SideMenu;
			sourceTree = "<group>";
		};
		9C8A0C41255CEB2400E1C98C /* Home */ = {
			isa = PBXGroup;
			children = (
				9C1ACF4E2225768A00A3D4D1 /* MainViewController.storyboard */,
			);
			path = Home;
			sourceTree = "<group>";
		};
		9C8A0C42255CEB2B00E1C98C /* Cultivation */ = {
			isa = PBXGroup;
			children = (
				9C8A524624E4AD780025B179 /* CultivationViewController.storyboard */,
				9C4B62382562B48600E405F6 /* PostCultivationViewController.storyboard */,
				9C8740D5258D710A0025A8B3 /* CultivationDetailViewController.storyboard */,
			);
			path = Cultivation;
			sourceTree = "<group>";
		};
		9C8A0C43255CEB3400E1C98C /* Recipe */ = {
			isa = PBXGroup;
			children = (
				9C8A524824E4AD970025B179 /* RecipeViewController.storyboard */,
				9C9621312599C50100F2E4A0 /* PostRecipeViewController.storyboard */,
			);
			path = Recipe;
			sourceTree = "<group>";
		};
		9C8A0C44255CEB3D00E1C98C /* Communication */ = {
			isa = PBXGroup;
			children = (
				9C8A524A24E4ADAF0025B179 /* CommunicationViewController.storyboard */,
			);
			path = Communication;
			sourceTree = "<group>";
		};
		9C91C2B026E4E6D8007FB864 /* Login */ = {
			isa = PBXGroup;
			children = (
				9C91C2AA26E4E2EE007FB864 /* LoginViewController.swift */,
				9C91C2B426E4E78E007FB864 /* SignUpViewController.swift */,
				9C12F9642244F9FC00BA9FCB /* DeviceRegisterViewController.swift */,
			);
			path = Login;
			sourceTree = "<group>";
		};
		9C91C2B126E4E6E8007FB864 /* Login */ = {
			isa = PBXGroup;
			children = (
				9C91C2AC26E4E445007FB864 /* LoginViewController.storyboard */,
				9C91C2B626E4E7AC007FB864 /* SignUpViewController.storyboard */,
				9C8A524C24E4ADC90025B179 /* DeviceRegisterViewController.storyboard */,
			);
			path = Login;
			sourceTree = "<group>";
		};
		9C91C2B226E4E6F9007FB864 /* Login */ = {
			isa = PBXGroup;
			children = (
				9C91C2AE26E4E520007FB864 /* LoginBaseView.swift */,
				9C91C2B826E4E88E007FB864 /* SignUpBaseView.swift */,
				9CDD1FC125A69040006DA852 /* DeviceRegisterBaseView.swift */,
			);
			path = Login;
			sourceTree = "<group>";
		};
		9C91C2B326E4E70B007FB864 /* Login */ = {
			isa = PBXGroup;
			children = (
				9C7DCE9626EE04BC00F62DF8 /* LoginViewModel.swift */,
				9CAE97F226E660C40011CE52 /* SignUpViewModel.swift */,
				9C87EB0B25A6E275006CB1D7 /* DeviceRegisterViewModel.swift */,
			);
			path = Login;
			sourceTree = "<group>";
		};
		9C9A8D9F26DFB990006C31E7 /* App */ = {
			isa = PBXGroup;
			children = (
				9C1ACF4A2225768A00A3D4D1 /* AppDelegate.swift */,
				9C9A8DA026DFB9DE006C31E7 /* AppRootController.swift */,
				9CA7628026E28CBE000F7EE2 /* AppPresenter.swift */,
			);
			path = App;
			sourceTree = "<group>";
		};
		9C9D48A825A140DC009FCC64 /* TableViewCell */ = {
			isa = PBXGroup;
			children = (
				9C9D48A925A142EF009FCC64 /* RecipeTableViewCell.swift */,
				9C9D48AA25A142EF009FCC64 /* RecipeTableViewCell.xib */,
			);
			path = TableViewCell;
			sourceTree = "<group>";
		};
		9CA7F3342537FD75005BED9C /* Entity */ = {
			isa = PBXGroup;
			children = (
				9C7DCE9A26EE156B00F62DF8 /* Error */,
				9C73CCCF26D53ECB00B4DE55 /* Response */,
			);
			path = Entity;
			sourceTree = "<group>";
		};
		9CA7F36D25381EF8005BED9C /* Repository */ = {
			isa = PBXGroup;
			children = (
				9CA7F36E25381F63005BED9C /* KikurageStateRepository.swift */,
				9CBD6C4425410707005531F4 /* KikurageUserRepository.swift */,
				9C92333D255F9F7E000293BB /* CultivationRepository.swift */,
				9C8B0BD7259870970036CD0F /* RecipeRepository.swift */,
				9CA0CDA926E8FED800116896 /* SignUpRepository.swift */,
				9C7DCE9826EE07D500F62DF8 /* LoginRepository.swift */,
			);
			path = Repository;
			sourceTree = "<group>";
		};
		9CAFF9A2255CC57800418745 /* CollectionViewCell */ = {
			isa = PBXGroup;
			children = (
				9CAFF9A3255CC5B500418745 /* CultivationCollectionViewCell.swift */,
				9CAFF9A4255CC5B500418745 /* CultivationCollectionViewCell.xib */,
				9C8B1D28255ECB11000CA36C /* CameraCell.swift */,
				9C8B1D2B255ECBE0000CA36C /* CameraCell.xib */,
				9CBB82C5259425760009B284 /* CultivationCarouselCollectionViewCell.swift */,
				9CBB82C6259425760009B284 /* CultivationCarouselCollectionViewCell.xib */,
			);
			path = CollectionViewCell;
			sourceTree = "<group>";
		};
		9CAFF9AC255CD1E900418745 /* Home */ = {
			isa = PBXGroup;
			children = (
				9C1ACF4C2225768A00A3D4D1 /* MainViewController.swift */,
			);
			path = Home;
			sourceTree = "<group>";
		};
		9CAFF9AD255CD1FA00418745 /* Cultivation */ = {
			isa = PBXGroup;
			children = (
				9C6EF7762229F0B900550AC2 /* CultivationViewController.swift */,
				9C923334255F9760000293BB /* PostCultivationViewController.swift */,
				9C8740D1258D70D50025A8B3 /* CultivationDetailViewController.swift */,
			);
			path = Cultivation;
			sourceTree = "<group>";
		};
		9CAFF9AE255CD20500418745 /* Recipe */ = {
			isa = PBXGroup;
			children = (
				9C6EF7782229F0CD00550AC2 /* RecipeViewController.swift */,
				9C96212E2599C4DA00F2E4A0 /* PostRecipeViewController.swift */,
			);
			path = Recipe;
			sourceTree = "<group>";
		};
		9CAFF9AF255CD21500418745 /* Communication */ = {
			isa = PBXGroup;
			children = (
				9C6EF77A2229F0DE00550AC2 /* CommunicationViewController.swift */,
			);
			path = Communication;
			sourceTree = "<group>";
		};
		9CB7D5FC254043C300D57801 /* ViewModel */ = {
			isa = PBXGroup;
			children = (
				9C91C2B326E4E70B007FB864 /* Login */,
				9CDD1F5E25A68232006DA852 /* Home */,
				9CDD1F5D25A68216006DA852 /* Cultivation */,
				9CDD1F5C25A68206006DA852 /* Recipe */,
				9C8674D925AAA72D0041AAF1 /* SideMenu */,
				9CAE6E712567443B000972BA /* CameraCollectionViewModel.swift */,
			);
			path = ViewModel;
			sourceTree = "<group>";
		};
		9CB7D602254050BF00D57801 /* BaseView */ = {
			isa = PBXGroup;
			children = (
				9CA7627C26E26B28000F7EE2 /* TopBaseView.swift */,
				9C91C2B226E4E6F9007FB864 /* Login */,
				9CDD1F5F25A6824D006DA852 /* Home */,
				9CDD1F6025A68257006DA852 /* Cultivation */,
				9CDD1F6125A6827A006DA852 /* Recipe */,
				9CDD1F6225A684F0006DA852 /* Communication */,
				9C8674DA25AAA7490041AAF1 /* SideMenu */,
			);
			path = BaseView;
			sourceTree = "<group>";
		};
		9CDAFBF624E4B95700E56550 /* Extension */ = {
			isa = PBXGroup;
			children = (
				9CDAFBF724E4BC1400E56550 /* UITextField+Extension.swift */,
				9C07E7E12530194900720768 /* UIViewController+Extension.swift */,
				9C82B42325305E6C00E650B5 /* UIView+Extension.swift */,
				9C7E105D25649637005A92C7 /* UIColor+Extension.swift */,
				9C751F80257E0FC000A3D90B /* UIAlertController+Extension.swift */,
				9C97679526EF798100126F80 /* NotificationName+Extension.swift */,
			);
			path = Extension;
			sourceTree = "<group>";
		};
		9CDD1F5C25A68206006DA852 /* Recipe */ = {
			isa = PBXGroup;
			children = (
				9C8B0BD1259868FF0036CD0F /* RecipeViewModel.swift */,
				9C2B2575259C1C3B001E5582 /* PostRecipeViewModel.swift */,
			);
			path = Recipe;
			sourceTree = "<group>";
		};
		9CDD1F5D25A68216006DA852 /* Cultivation */ = {
			isa = PBXGroup;
			children = (
				9CAFF9A9255CC6BF00418745 /* CultivationViewModel.swift */,
				9CBB82CA25944C730009B284 /* CultivationDetailViewModel.swift */,
				9C92333A255F97B4000293BB /* PostCultivationViewModel.swift */,
			);
			path = Cultivation;
			sourceTree = "<group>";
		};
		9CDD1F5E25A68232006DA852 /* Home */ = {
			isa = PBXGroup;
			children = (
				9CB7D5FD254043FB00D57801 /* MainViewModel.swift */,
			);
			path = Home;
			sourceTree = "<group>";
		};
		9CDD1F5F25A6824D006DA852 /* Home */ = {
			isa = PBXGroup;
			children = (
				9CB7D603254050D600D57801 /* MainBaseView.swift */,
			);
			path = Home;
			sourceTree = "<group>";
		};
		9CDD1F6025A68257006DA852 /* Cultivation */ = {
			isa = PBXGroup;
			children = (
				9C7E105925648DB8005A92C7 /* CultivationBaseView.swift */,
				9C8740CE258D70A90025A8B3 /* CultivationDetailBaseView.swift */,
				9CE5927B257F664D00924B42 /* PostCultivationBaseView.swift */,
			);
			path = Cultivation;
			sourceTree = "<group>";
		};
		9CDD1F6125A6827A006DA852 /* Recipe */ = {
			isa = PBXGroup;
			children = (
				9C8B0BCE2598662E0036CD0F /* RecipeBaseView.swift */,
				9C9621342599DA5800F2E4A0 /* PostRecipeBaseView.swift */,
			);
			path = Recipe;
			sourceTree = "<group>";
		};
		9CDD1F6225A684F0006DA852 /* Communication */ = {
			isa = PBXGroup;
			children = (
				9CDD1F6325A68521006DA852 /* CommunicationBaseView.swift */,
			);
			path = Communication;
			sourceTree = "<group>";
		};
		9CF0020224E398AC0084036B /* ViewController */ = {
			isa = PBXGroup;
			children = (
				9CA7627E26E26B70000F7EE2 /* TopViewController.swift */,
				9C91C2B026E4E6D8007FB864 /* Login */,
				9CAFF9AC255CD1E900418745 /* Home */,
				9CAFF9AD255CD1FA00418745 /* Cultivation */,
				9CAFF9AE255CD20500418745 /* Recipe */,
				9CAFF9AF255CD21500418745 /* Communication */,
				9C8674DC25AAA7800041AAF1 /* SideMenu */,
			);
			path = ViewController;
			sourceTree = "<group>";
		};
		9CF0020324E398D00084036B /* Storyboard */ = {
			isa = PBXGroup;
			children = (
				9C1ACF532225768A00A3D4D1 /* LaunchScreen.storyboard */,
				9C7DE9F126E130A60006B36F /* TopViewController.storyboard */,
				9C91C2B126E4E6E8007FB864 /* Login */,
				9C8A0C41255CEB2400E1C98C /* Home */,
				9C8A0C42255CEB2B00E1C98C /* Cultivation */,
				9C8A0C43255CEB3400E1C98C /* Recipe */,
				9C8A0C44255CEB3D00E1C98C /* Communication */,
				9C8674DB25AAA7720041AAF1 /* SideMenu */,
			);
			path = Storyboard;
			sourceTree = "<group>";
		};
		9CF0020424E3990E0084036B /* View */ = {
			isa = PBXGroup;
			children = (
				9CB7D602254050BF00D57801 /* BaseView */,
				9C73CCD126D540FE00B4DE55 /* ChildView */,
				9C82B429253068CF00E650B5 /* XibView.swift */,
			);
			path = View;
			sourceTree = "<group>";
		};
		9CF0020624E39B290084036B /* Helper */ = {
			isa = PBXGroup;
			children = (
				9C22857C2246025B000D6A9B /* ClockHelper.swift */,
				9C96997C2566118B00D655DA /* DateHelper.swift */,
				9CBD6C412540F75C005531F4 /* KikurageStateHelper.swift */,
				9C7EC14B25A97EEF00FE8855 /* LoginHelper.swift */,
				9C90935D25B6666C00496F38 /* ChartViewHelper.swift */,
			);
			path = Helper;
			sourceTree = "<group>";
		};
/* End PBXGroup section */

/* Begin PBXNativeTarget section */
		9C1ACF462225768A00A3D4D1 /* kikurageApp */ = {
			isa = PBXNativeTarget;
			buildConfigurationList = 9C1ACF592225768A00A3D4D1 /* Build configuration list for PBXNativeTarget "kikurageApp" */;
			buildPhases = (
				CBB3CAA4E7BF53B07E344743 /* [CP] Check Pods Manifest.lock */,
				9C91E74B25C91C6900B3E2E0 /* R.Swift Run Script */,
				9C1ACF432225768A00A3D4D1 /* Sources */,
				9C1ACF442225768A00A3D4D1 /* Frameworks */,
				9C1ACF452225768A00A3D4D1 /* Resources */,
				0E3A132012F2A0D84614820D /* [CP] Embed Pods Frameworks */,
				9CAF57BF25C8DA100049E2C2 /* SwiftLint Run Script */,
				9C5D9D7A2665377D00474CFD /* Firebase Crashlytics Run Script */,
			);
			buildRules = (
			);
			dependencies = (
			);
			name = kikurageApp;
			productName = kikurageApp;
			productReference = 9C1ACF472225768A00A3D4D1 /* きくらげ君.app */;
			productType = "com.apple.product-type.application";
		};
/* End PBXNativeTarget section */

/* Begin PBXProject section */
		9C1ACF3F2225768A00A3D4D1 /* Project object */ = {
			isa = PBXProject;
			attributes = {
				LastSwiftUpdateCheck = 1010;
				LastUpgradeCheck = 1010;
				ORGANIZATIONNAME = shusuke;
				TargetAttributes = {
					9C1ACF462225768A00A3D4D1 = {
						CreatedOnToolsVersion = 10.1;
					};
				};
			};
			buildConfigurationList = 9C1ACF422225768A00A3D4D1 /* Build configuration list for PBXProject "kikurageApp" */;
			compatibilityVersion = "Xcode 9.3";
			developmentRegion = en;
			hasScannedForEncodings = 0;
			knownRegions = (
				en,
				Base,
			);
			mainGroup = 9C1ACF3E2225768A00A3D4D1;
			productRefGroup = 9C1ACF482225768A00A3D4D1 /* Products */;
			projectDirPath = "";
			projectRoot = "";
			targets = (
				9C1ACF462225768A00A3D4D1 /* kikurageApp */,
			);
		};
/* End PBXProject section */

/* Begin PBXResourcesBuildPhase section */
		9C1ACF452225768A00A3D4D1 /* Resources */ = {
			isa = PBXResourcesBuildPhase;
			buildActionMask = 2147483647;
			files = (
				9C1ACF552225768A00A3D4D1 /* LaunchScreen.storyboard in Resources */,
				9CB38F2525AC10F7004B0CA7 /* GraphViewController.storyboard in Resources */,
				9CBB82C8259425760009B284 /* CultivationCarouselCollectionViewCell.xib in Resources */,
				9C8B1D2C255ECBE0000CA36C /* CameraCell.xib in Resources */,
				9C8A524924E4AD970025B179 /* RecipeViewController.storyboard in Resources */,
				9C82B4212530574100E650B5 /* SideMenuContentView.xib in Resources */,
				9C91C2B726E4E7AC007FB864 /* SignUpViewController.storyboard in Resources */,
				9C6D094B231DCEAC00908ECA /* GoogleService-Info.plist in Resources */,
				9C91C2AD26E4E445007FB864 /* LoginViewController.storyboard in Resources */,
				9C91124E25B68EE9007BCECB /* CalendarViewController.storyboard in Resources */,
				9C8740D6258D710A0025A8B3 /* CultivationDetailViewController.storyboard in Resources */,
				9C8A524B24E4ADAF0025B179 /* CommunicationViewController.storyboard in Resources */,
				9CAFF9A6255CC5B500418745 /* CultivationCollectionViewCell.xib in Resources */,
				9C7DE9F226E130A60006B36F /* TopViewController.storyboard in Resources */,
				9C8A524724E4AD780025B179 /* CultivationViewController.storyboard in Resources */,
				9C0DCF972546F58600C27051 /* MainAdviceView.xib in Resources */,
				9C8A524D24E4ADC90025B179 /* DeviceRegisterViewController.storyboard in Resources */,
				9C1ACF522225768A00A3D4D1 /* Assets.xcassets in Resources */,
				9C8A524F24E4ADFD0025B179 /* SideMenuViewController.storyboard in Resources */,
				9C4B62392562B48600E405F6 /* PostCultivationViewController.storyboard in Resources */,
				9C1ACF502225768A00A3D4D1 /* MainViewController.storyboard in Resources */,
				9C9621322599C50100F2E4A0 /* PostRecipeViewController.storyboard in Resources */,
				9C9D48AC25A142EF009FCC64 /* RecipeTableViewCell.xib in Resources */,
			);
			runOnlyForDeploymentPostprocessing = 0;
		};
/* End PBXResourcesBuildPhase section */

/* Begin PBXShellScriptBuildPhase section */
		0E3A132012F2A0D84614820D /* [CP] Embed Pods Frameworks */ = {
			isa = PBXShellScriptBuildPhase;
			buildActionMask = 2147483647;
			files = (
			);
			inputFileListPaths = (
				"${PODS_ROOT}/Target Support Files/Pods-kikurageApp/Pods-kikurageApp-frameworks-${CONFIGURATION}-input-files.xcfilelist",
			);
			name = "[CP] Embed Pods Frameworks";
			outputFileListPaths = (
				"${PODS_ROOT}/Target Support Files/Pods-kikurageApp/Pods-kikurageApp-frameworks-${CONFIGURATION}-output-files.xcfilelist",
			);
			runOnlyForDeploymentPostprocessing = 0;
			shellPath = /bin/sh;
			shellScript = "\"${PODS_ROOT}/Target Support Files/Pods-kikurageApp/Pods-kikurageApp-frameworks.sh\"\n";
			showEnvVarsInLog = 0;
		};
		9C5D9D7A2665377D00474CFD /* Firebase Crashlytics Run Script */ = {
			isa = PBXShellScriptBuildPhase;
			buildActionMask = 2147483647;
			files = (
			);
			inputFileListPaths = (
			);
			inputPaths = (
				"${DWARF_DSYM_FOLDER_PATH}/${DWARF_DSYM_FILE_NAME}/Contents/Resources/DWARF/${TARGET_NAME}",
				"$(SRCROOT)/$(BUILT_PRODUCTS_DIR)/$(INFOPLIST_PATH)",
			);
			name = "Firebase Crashlytics Run Script";
			outputFileListPaths = (
			);
			outputPaths = (
			);
			runOnlyForDeploymentPostprocessing = 0;
			shellPath = /bin/sh;
			shellScript = "\"${PODS_ROOT}/FirebaseCrashlytics/run\"\n";
		};
		9C91E74B25C91C6900B3E2E0 /* R.Swift Run Script */ = {
			isa = PBXShellScriptBuildPhase;
			buildActionMask = 2147483647;
			files = (
			);
			inputFileListPaths = (
			);
			inputPaths = (
				"$TEMP_DIR/rswift-lastrun",
			);
			name = "R.Swift Run Script";
			outputFileListPaths = (
			);
			outputPaths = (
				$SRCROOT/R.generated.swift,
			);
			runOnlyForDeploymentPostprocessing = 0;
			shellPath = /bin/sh;
			shellScript = "\"$PODS_ROOT/R.swift/rswift\" generate \"$SRCROOT/R.generated.swift\"\n";
		};
		9CAF57BF25C8DA100049E2C2 /* SwiftLint Run Script */ = {
			isa = PBXShellScriptBuildPhase;
			buildActionMask = 2147483647;
			files = (
			);
			inputFileListPaths = (
			);
			inputPaths = (
			);
			name = "SwiftLint Run Script";
			outputFileListPaths = (
			);
			outputPaths = (
			);
			runOnlyForDeploymentPostprocessing = 0;
			shellPath = /bin/sh;
			shellScript = ". ${PROJECT_DIR}/Script/SwiftLint.sh\n";
		};
		CBB3CAA4E7BF53B07E344743 /* [CP] Check Pods Manifest.lock */ = {
			isa = PBXShellScriptBuildPhase;
			buildActionMask = 2147483647;
			files = (
			);
			inputFileListPaths = (
			);
			inputPaths = (
				"${PODS_PODFILE_DIR_PATH}/Podfile.lock",
				"${PODS_ROOT}/Manifest.lock",
			);
			name = "[CP] Check Pods Manifest.lock";
			outputFileListPaths = (
			);
			outputPaths = (
				"$(DERIVED_FILE_DIR)/Pods-kikurageApp-checkManifestLockResult.txt",
			);
			runOnlyForDeploymentPostprocessing = 0;
			shellPath = /bin/sh;
			shellScript = "diff \"${PODS_PODFILE_DIR_PATH}/Podfile.lock\" \"${PODS_ROOT}/Manifest.lock\" > /dev/null\nif [ $? != 0 ] ; then\n    # print error to STDERR\n    echo \"error: The sandbox is not in sync with the Podfile.lock. Run 'pod install' or update your CocoaPods installation.\" >&2\n    exit 1\nfi\n# This output is used by Xcode 'outputs' to avoid re-running this script phase.\necho \"SUCCESS\" > \"${SCRIPT_OUTPUT_FILE_0}\"\n";
			showEnvVarsInLog = 0;
		};
/* End PBXShellScriptBuildPhase section */

/* Begin PBXSourcesBuildPhase section */
		9C1ACF432225768A00A3D4D1 /* Sources */ = {
			isa = PBXSourcesBuildPhase;
			buildActionMask = 2147483647;
			files = (
				9C8B0BD525986B7D0036CD0F /* KikurageRecipe.swift in Sources */,
				9CB7D604254050D600D57801 /* MainBaseView.swift in Sources */,
				9C6EF7792229F0CD00550AC2 /* RecipeViewController.swift in Sources */,
				9C923341255FA0DC000293BB /* KikurageCultivation.swift in Sources */,
				9C07E7E22530194900720768 /* UIViewController+Extension.swift in Sources */,
				9CA7F36F25381F63005BED9C /* KikurageStateRepository.swift in Sources */,
				9C91125425B69EA0007BCECB /* CalendarViewModel.swift in Sources */,
				9C96997D2566118C00D655DA /* DateHelper.swift in Sources */,
				9C87EB0C25A6E275006CB1D7 /* DeviceRegisterViewModel.swift in Sources */,
				9C91124B25B68ED0007BCECB /* CalendarViewController.swift in Sources */,
				9C7E105A25648DB8005A92C7 /* CultivationBaseView.swift in Sources */,
				9C751F81257E0FC000A3D90B /* UIAlertController+Extension.swift in Sources */,
				9CA7627F26E26B70000F7EE2 /* TopViewController.swift in Sources */,
				9C96212F2599C4DA00F2E4A0 /* PostRecipeViewController.swift in Sources */,
				9C8B0BD8259870980036CD0F /* RecipeRepository.swift in Sources */,
				9C9D48AB25A142EF009FCC64 /* RecipeTableViewCell.swift in Sources */,
				9C92333E255F9F7E000293BB /* CultivationRepository.swift in Sources */,
				9C1ACF4D2225768A00A3D4D1 /* MainViewController.swift in Sources */,
				9C0DCF942546F55800C27051 /* MainAdviceView.swift in Sources */,
				9C12F9652244F9FC00BA9FCB /* DeviceRegisterViewController.swift in Sources */,
				9C7EC14C25A97EEF00FE8855 /* LoginHelper.swift in Sources */,
				9CAFF9A5255CC5B500418745 /* CultivationCollectionViewCell.swift in Sources */,
				9C91C2AF26E4E520007FB864 /* LoginBaseView.swift in Sources */,
				9CDD1FC225A69040006DA852 /* DeviceRegisterBaseView.swift in Sources */,
				9C8B0BCF2598662E0036CD0F /* RecipeBaseView.swift in Sources */,
				9C22857D2246025B000D6A9B /* ClockHelper.swift in Sources */,
				9CB38F2825AC1135004B0CA7 /* GraphBaseView.swift in Sources */,
				9C7DCE9E26EE165400F62DF8 /* ClientError.swift in Sources */,
				9CBD6C422540F75C005531F4 /* KikurageStateHelper.swift in Sources */,
				9CAE6E722567443B000972BA /* CameraCollectionViewModel.swift in Sources */,
				9C9A8DA126DFB9DE006C31E7 /* AppRootController.swift in Sources */,
				9C91E74F25C9207C00B3E2E0 /* R.generated.swift in Sources */,
				9C074970224E173B0012D2E0 /* SideMenuViewController.swift in Sources */,
				9C2F15A425930697006480ED /* CarouselCollectionFlowLayout.swift in Sources */,
				9CA0CDAA26E8FED800116896 /* SignUpRepository.swift in Sources */,
				9CFDB09426F2420B0093A770 /* Logger.swift in Sources */,
				9CDAFBF824E4BC1400E56550 /* UITextField+Extension.swift in Sources */,
				9C1ACF4B2225768A00A3D4D1 /* AppDelegate.swift in Sources */,
				9C82B42425305E6C00E650B5 /* UIView+Extension.swift in Sources */,
				9C7DCE9C26EE158D00F62DF8 /* NetworkError.swift in Sources */,
				9CA7F33A2537FF1B005BED9C /* KikurageState.swift in Sources */,
				9CBD6C4525410707005531F4 /* KikurageUserRepository.swift in Sources */,
				9C6EF77B2229F0DE00550AC2 /* CommunicationViewController.swift in Sources */,
				9C7E105E25649637005A92C7 /* UIColor+Extension.swift in Sources */,
				9CA7628126E28CBE000F7EE2 /* AppPresenter.swift in Sources */,
				9C92333B255F97B4000293BB /* PostCultivationViewModel.swift in Sources */,
				9C91C2B926E4E88E007FB864 /* SignUpBaseView.swift in Sources */,
				9C6EF7772229F0B900550AC2 /* CultivationViewController.swift in Sources */,
				9C70C44525AFDC8900069F8F /* KikurageStateGraph.swift in Sources */,
				9CB7D5FE254043FB00D57801 /* MainViewModel.swift in Sources */,
				9C8740D2258D70D50025A8B3 /* CultivationDetailViewController.swift in Sources */,
				9C8740CF258D70A90025A8B3 /* CultivationDetailBaseView.swift in Sources */,
				9CA7627D26E26B28000F7EE2 /* TopBaseView.swift in Sources */,
				9C7DCE9926EE07D500F62DF8 /* LoginRepository.swift in Sources */,
				9C7E14E82563F9F500D2D8EF /* UITextViewWithPlaceholder.swift in Sources */,
				9C90935E25B6666C00496F38 /* ChartViewHelper.swift in Sources */,
				9CBB82C7259425760009B284 /* CultivationCarouselCollectionViewCell.swift in Sources */,
				9CB38F2B25AC1240004B0CA7 /* GraphViewModel.swift in Sources */,
				9CB38F2225AC10D9004B0CA7 /* GraphViewController.swift in Sources */,
				9CDD1F6425A68521006DA852 /* CommunicationBaseView.swift in Sources */,
				9C8B1D29255ECB11000CA36C /* CameraCell.swift in Sources */,
				9C2B2576259C1C3B001E5582 /* PostRecipeViewModel.swift in Sources */,
				9C82B417253037BD00E650B5 /* Constants.swift in Sources */,
				9CAE97F326E660C40011CE52 /* SignUpViewModel.swift in Sources */,
				9C9621352599DA5800F2E4A0 /* PostRecipeBaseView.swift in Sources */,
				9C923335255F9760000293BB /* PostCultivationViewController.swift in Sources */,
				9CC103B1270818A200067823 /* LoginUser.swift in Sources */,
				9C97679626EF798100126F80 /* NotificationName+Extension.swift in Sources */,
				9CAFF9AA255CC6BF00418745 /* CultivationViewModel.swift in Sources */,
				9C82B42A253068CF00E650B5 /* XibView.swift in Sources */,
				9C91125125B68F2E007BCECB /* CalendarBaseView.swift in Sources */,
				9C82B41D2530572300E650B5 /* SideMenuContentView.swift in Sources */,
				9C7DCE9726EE04BD00F62DF8 /* LoginViewModel.swift in Sources */,
				9C8B0BD2259868FF0036CD0F /* RecipeViewModel.swift in Sources */,
				9C91C2B526E4E78E007FB864 /* SignUpViewController.swift in Sources */,
				9CA7F3362537FD96005BED9C /* KikurageUser.swift in Sources */,
				9C91C2AB26E4E2EE007FB864 /* LoginViewController.swift in Sources */,
				9CBB82CB25944C730009B284 /* CultivationDetailViewModel.swift in Sources */,
				9CE5927C257F664D00924B42 /* PostCultivationBaseView.swift in Sources */,
				9C949B1125AD4211004FEE1F /* SideMenuBaseView.swift in Sources */,
			);
			runOnlyForDeploymentPostprocessing = 0;
		};
/* End PBXSourcesBuildPhase section */

/* Begin PBXVariantGroup section */
		9C1ACF4E2225768A00A3D4D1 /* MainViewController.storyboard */ = {
			isa = PBXVariantGroup;
			children = (
				9C1ACF4F2225768A00A3D4D1 /* Base */,
			);
			name = MainViewController.storyboard;
			sourceTree = "<group>";
		};
		9C1ACF532225768A00A3D4D1 /* LaunchScreen.storyboard */ = {
			isa = PBXVariantGroup;
			children = (
				9C1ACF542225768A00A3D4D1 /* Base */,
			);
			name = LaunchScreen.storyboard;
			sourceTree = "<group>";
		};
/* End PBXVariantGroup section */

/* Begin XCBuildConfiguration section */
		9C1ACF572225768A00A3D4D1 /* Debug */ = {
			isa = XCBuildConfiguration;
			buildSettings = {
				ALWAYS_SEARCH_USER_PATHS = NO;
				CLANG_ANALYZER_NONNULL = YES;
				CLANG_ANALYZER_NUMBER_OBJECT_CONVERSION = YES_AGGRESSIVE;
				CLANG_CXX_LANGUAGE_STANDARD = "gnu++14";
				CLANG_CXX_LIBRARY = "libc++";
				CLANG_ENABLE_MODULES = YES;
				CLANG_ENABLE_OBJC_ARC = YES;
				CLANG_ENABLE_OBJC_WEAK = YES;
				CLANG_WARN_BLOCK_CAPTURE_AUTORELEASING = YES;
				CLANG_WARN_BOOL_CONVERSION = YES;
				CLANG_WARN_COMMA = YES;
				CLANG_WARN_CONSTANT_CONVERSION = YES;
				CLANG_WARN_DEPRECATED_OBJC_IMPLEMENTATIONS = YES;
				CLANG_WARN_DIRECT_OBJC_ISA_USAGE = YES_ERROR;
				CLANG_WARN_DOCUMENTATION_COMMENTS = YES;
				CLANG_WARN_EMPTY_BODY = YES;
				CLANG_WARN_ENUM_CONVERSION = YES;
				CLANG_WARN_INFINITE_RECURSION = YES;
				CLANG_WARN_INT_CONVERSION = YES;
				CLANG_WARN_NON_LITERAL_NULL_CONVERSION = YES;
				CLANG_WARN_OBJC_IMPLICIT_RETAIN_SELF = YES;
				CLANG_WARN_OBJC_LITERAL_CONVERSION = YES;
				CLANG_WARN_OBJC_ROOT_CLASS = YES_ERROR;
				CLANG_WARN_RANGE_LOOP_ANALYSIS = YES;
				CLANG_WARN_STRICT_PROTOTYPES = YES;
				CLANG_WARN_SUSPICIOUS_MOVE = YES;
				CLANG_WARN_UNGUARDED_AVAILABILITY = YES_AGGRESSIVE;
				CLANG_WARN_UNREACHABLE_CODE = YES;
				CLANG_WARN__DUPLICATE_METHOD_MATCH = YES;
				CODE_SIGN_IDENTITY = "iPhone Developer";
				COPY_PHASE_STRIP = NO;
				DEBUG_INFORMATION_FORMAT = dwarf;
				ENABLE_STRICT_OBJC_MSGSEND = YES;
				ENABLE_TESTABILITY = YES;
				GCC_C_LANGUAGE_STANDARD = gnu11;
				GCC_DYNAMIC_NO_PIC = NO;
				GCC_NO_COMMON_BLOCKS = YES;
				GCC_OPTIMIZATION_LEVEL = 0;
				GCC_PREPROCESSOR_DEFINITIONS = (
					"DEBUG=1",
					"$(inherited)",
				);
				GCC_WARN_64_TO_32_BIT_CONVERSION = YES;
				GCC_WARN_ABOUT_RETURN_TYPE = YES_ERROR;
				GCC_WARN_UNDECLARED_SELECTOR = YES;
				GCC_WARN_UNINITIALIZED_AUTOS = YES_AGGRESSIVE;
				GCC_WARN_UNUSED_FUNCTION = YES;
				GCC_WARN_UNUSED_VARIABLE = YES;
				IPHONEOS_DEPLOYMENT_TARGET = 13.0;
				MTL_ENABLE_DEBUG_INFO = INCLUDE_SOURCE;
				MTL_FAST_MATH = YES;
				ONLY_ACTIVE_ARCH = YES;
				SDKROOT = iphoneos;
				SWIFT_ACTIVE_COMPILATION_CONDITIONS = DEBUG;
				SWIFT_OPTIMIZATION_LEVEL = "-Onone";
			};
			name = Debug;
		};
		9C1ACF582225768A00A3D4D1 /* Release */ = {
			isa = XCBuildConfiguration;
			buildSettings = {
				ALWAYS_SEARCH_USER_PATHS = NO;
				CLANG_ANALYZER_NONNULL = YES;
				CLANG_ANALYZER_NUMBER_OBJECT_CONVERSION = YES_AGGRESSIVE;
				CLANG_CXX_LANGUAGE_STANDARD = "gnu++14";
				CLANG_CXX_LIBRARY = "libc++";
				CLANG_ENABLE_MODULES = YES;
				CLANG_ENABLE_OBJC_ARC = YES;
				CLANG_ENABLE_OBJC_WEAK = YES;
				CLANG_WARN_BLOCK_CAPTURE_AUTORELEASING = YES;
				CLANG_WARN_BOOL_CONVERSION = YES;
				CLANG_WARN_COMMA = YES;
				CLANG_WARN_CONSTANT_CONVERSION = YES;
				CLANG_WARN_DEPRECATED_OBJC_IMPLEMENTATIONS = YES;
				CLANG_WARN_DIRECT_OBJC_ISA_USAGE = YES_ERROR;
				CLANG_WARN_DOCUMENTATION_COMMENTS = YES;
				CLANG_WARN_EMPTY_BODY = YES;
				CLANG_WARN_ENUM_CONVERSION = YES;
				CLANG_WARN_INFINITE_RECURSION = YES;
				CLANG_WARN_INT_CONVERSION = YES;
				CLANG_WARN_NON_LITERAL_NULL_CONVERSION = YES;
				CLANG_WARN_OBJC_IMPLICIT_RETAIN_SELF = YES;
				CLANG_WARN_OBJC_LITERAL_CONVERSION = YES;
				CLANG_WARN_OBJC_ROOT_CLASS = YES_ERROR;
				CLANG_WARN_RANGE_LOOP_ANALYSIS = YES;
				CLANG_WARN_STRICT_PROTOTYPES = YES;
				CLANG_WARN_SUSPICIOUS_MOVE = YES;
				CLANG_WARN_UNGUARDED_AVAILABILITY = YES_AGGRESSIVE;
				CLANG_WARN_UNREACHABLE_CODE = YES;
				CLANG_WARN__DUPLICATE_METHOD_MATCH = YES;
				CODE_SIGN_IDENTITY = "iPhone Developer";
				COPY_PHASE_STRIP = NO;
				DEBUG_INFORMATION_FORMAT = "dwarf-with-dsym";
				ENABLE_NS_ASSERTIONS = NO;
				ENABLE_STRICT_OBJC_MSGSEND = YES;
				GCC_C_LANGUAGE_STANDARD = gnu11;
				GCC_NO_COMMON_BLOCKS = YES;
				GCC_WARN_64_TO_32_BIT_CONVERSION = YES;
				GCC_WARN_ABOUT_RETURN_TYPE = YES_ERROR;
				GCC_WARN_UNDECLARED_SELECTOR = YES;
				GCC_WARN_UNINITIALIZED_AUTOS = YES_AGGRESSIVE;
				GCC_WARN_UNUSED_FUNCTION = YES;
				GCC_WARN_UNUSED_VARIABLE = YES;
				IPHONEOS_DEPLOYMENT_TARGET = 13.0;
				MTL_ENABLE_DEBUG_INFO = NO;
				MTL_FAST_MATH = YES;
				SDKROOT = iphoneos;
				SWIFT_COMPILATION_MODE = wholemodule;
				SWIFT_OPTIMIZATION_LEVEL = "-O";
				VALIDATE_PRODUCT = YES;
			};
			name = Release;
		};
		9C1ACF5A2225768A00A3D4D1 /* Debug */ = {
			isa = XCBuildConfiguration;
			baseConfigurationReference = F64405252FCD1BFF9274507A /* Pods-kikurageApp.debug.xcconfig */;
			buildSettings = {
				ASSETCATALOG_COMPILER_APPICON_NAME = AppIcon;
				ASSETCATALOG_COMPILER_LAUNCHIMAGE_NAME = "";
				CODE_SIGN_STYLE = Automatic;
				DEBUG_INFORMATION_FORMAT = "dwarf-with-dsym";
				DEVELOPMENT_TEAM = 2XL9QYTD77;
				INFOPLIST_FILE = kikurageApp/Info.plist;
				IPHONEOS_DEPLOYMENT_TARGET = 13.5;
				LD_RUNPATH_SEARCH_PATHS = (
					"$(inherited)",
					"@executable_path/Frameworks",
				);
				PRODUCT_BUNDLE_IDENTIFIER = com.shusuke.KikurageApp;
				PRODUCT_NAME = "きくらげ君";
				SWIFT_VERSION = 5.0;
				TARGETED_DEVICE_FAMILY = "1,2";
			};
			name = Debug;
		};
		9C1ACF5B2225768A00A3D4D1 /* Release */ = {
			isa = XCBuildConfiguration;
			baseConfigurationReference = A0B151603DF4982FFFAA4670 /* Pods-kikurageApp.release.xcconfig */;
			buildSettings = {
				ASSETCATALOG_COMPILER_APPICON_NAME = AppIcon;
				ASSETCATALOG_COMPILER_LAUNCHIMAGE_NAME = "";
				CODE_SIGN_STYLE = Automatic;
				DEVELOPMENT_TEAM = 2XL9QYTD77;
				INFOPLIST_FILE = kikurageApp/Info.plist;
				IPHONEOS_DEPLOYMENT_TARGET = 13.5;
				LD_RUNPATH_SEARCH_PATHS = (
					"$(inherited)",
					"@executable_path/Frameworks",
				);
				PRODUCT_BUNDLE_IDENTIFIER = com.shusuke.KikurageApp;
				PRODUCT_NAME = "きくらげ君";
				SWIFT_VERSION = 5.0;
				TARGETED_DEVICE_FAMILY = "1,2";
			};
			name = Release;
		};
/* End XCBuildConfiguration section */

/* Begin XCConfigurationList section */
		9C1ACF422225768A00A3D4D1 /* Build configuration list for PBXProject "kikurageApp" */ = {
			isa = XCConfigurationList;
			buildConfigurations = (
				9C1ACF572225768A00A3D4D1 /* Debug */,
				9C1ACF582225768A00A3D4D1 /* Release */,
			);
			defaultConfigurationIsVisible = 0;
			defaultConfigurationName = Release;
		};
		9C1ACF592225768A00A3D4D1 /* Build configuration list for PBXNativeTarget "kikurageApp" */ = {
			isa = XCConfigurationList;
			buildConfigurations = (
				9C1ACF5A2225768A00A3D4D1 /* Debug */,
				9C1ACF5B2225768A00A3D4D1 /* Release */,
			);
			defaultConfigurationIsVisible = 0;
			defaultConfigurationName = Release;
		};
/* End XCConfigurationList section */
	};
	rootObject = 9C1ACF3F2225768A00A3D4D1 /* Project object */;
}
